
Microsoft Visual Studio Solution File, Format Version 12.00
# Visual Studio Version 16
VisualStudioVersion = 16.0.32901.82
MinimumVisualStudioVersion = 10.0.40219.1
Project("{FAE04EC0-301F-11D3-BF4B-00C04F79EFBC}") = "Accounts.txt Example", "Accounts.txt Example\Accounts.txt Example.csproj", "{35FE42E4-F121-4A21-B2A4-1DD5E5CF4ECB}"
EndProject
Global
	GlobalSection(SolutionConfigurationPlatforms) = preSolution
		Debug|Any CPU = Debug|Any CPU
		Release|Any CPU = Release|Any CPU
	EndGlobalSection
	GlobalSection(ProjectConfigurationPlatforms) = postSolution
		{35FE42E4-F121-4A21-B2A4-1DD5E5CF4ECB}.Debug|Any CPU.ActiveCfg = Debug|Any CPU
		{35FE42E4-F121-4A21-B2A4-1DD5E5CF4ECB}.Debug|Any CPU.Build.0 = Debug|Any CPU
		{35FE42E4-F121-4A21-B2A4-1DD5E5CF4ECB}.Release|Any CPU.ActiveCfg = Release|Any CPU
		{35FE42E4-F121-4A21-B2A4-1DD5E5CF4ECB}.Release|Any CPU.Build.0 = Release|Any CPU
	EndGlobalSection
	GlobalSection(SolutionProperties) = preSolution
		HideSolutionNode = FALSE
	EndGlobalSection
	GlobalSection(ExtensibilityGlobals) = postSolution
		SolutionGuid = {EDCDAE0D-7AF0-40C7-A700-CE2F11149A8D}
	EndGlobalSection
EndGlobal
